
Microsoft Visual Studio Solution File, Format Version 12.00
# Visual Studio Version 17
VisualStudioVersion = 17.5.002.0
MinimumVisualStudioVersion = 10.0.40219.1
Project("{9A19103F-16F7-4668-BE54-9A1E7A4F7556}") = "turistas", "turistas\turistas.csproj", "{64367ED4-C5CD-4963-893E-9871DA088B06}"
EndProject
Global
	GlobalSection(SolutionConfigurationPlatforms) = preSolution
		Debug|Any CPU = Debug|Any CPU
		Release|Any CPU = Release|Any CPU
	EndGlobalSection
	GlobalSection(ProjectConfigurationPlatforms) = postSolution
		{64367ED4-C5CD-4963-893E-9871DA088B06}.Debug|Any CPU.ActiveCfg = Debug|Any CPU
		{64367ED4-C5CD-4963-893E-9871DA088B06}.Debug|Any CPU.Build.0 = Debug|Any CPU
		{64367ED4-C5CD-4963-893E-9871DA088B06}.Release|Any CPU.ActiveCfg = Release|Any CPU
		{64367ED4-C5CD-4963-893E-9871DA088B06}.Release|Any CPU.Build.0 = Release|Any CPU
	EndGlobalSection
	GlobalSection(SolutionProperties) = preSolution
		HideSolutionNode = FALSE
	EndGlobalSection
	GlobalSection(ExtensibilityGlobals) = postSolution
		SolutionGuid = {C2F3DEE3-36C6-4F2F-8B41-529F23700916}
	EndGlobalSection
EndGlobal
